
Microsoft Visual Studio Solution File, Format Version 12.00
# Visual Studio 15
VisualStudioVersion = 15.0.27004.2006
MinimumVisualStudioVersion = 10.0.40219.1
Project("{9A19103F-16F7-4668-BE54-9A1E7A4F7556}") = "WeiXinEx.Web", "WeiXinEx.Web\WeiXinEx.Web.csproj", "{689E4C4D-E44D-46B3-8D64-E1997C58C9FB}"
EndProject
Project("{9A19103F-16F7-4668-BE54-9A1E7A4F7556}") = "WeiXinEx.Entities", "WeiXinEx.Entities\WeiXinEx.Entities.csproj", "{654142F4-2D68-4D50-B452-E7BB646206C0}"
EndProject
Project("{9A19103F-16F7-4668-BE54-9A1E7A4F7556}") = "WeiXinEx.Application", "WeiXinEx.Application\WeiXinEx.Application.csproj", "{7370F759-4AAD-4D24-BFDD-60D3624AFF41}"
EndProject
Global
	GlobalSection(SolutionConfigurationPlatforms) = preSolution
		Debug|Any CPU = Debug|Any CPU
		Release|Any CPU = Release|Any CPU
	EndGlobalSection
	GlobalSection(ProjectConfigurationPlatforms) = postSolution
		{689E4C4D-E44D-46B3-8D64-E1997C58C9FB}.Debug|Any CPU.ActiveCfg = Debug|Any CPU
		{689E4C4D-E44D-46B3-8D64-E1997C58C9FB}.Debug|Any CPU.Build.0 = Debug|Any CPU
		{689E4C4D-E44D-46B3-8D64-E1997C58C9FB}.Release|Any CPU.ActiveCfg = Release|Any CPU
		{689E4C4D-E44D-46B3-8D64-E1997C58C9FB}.Release|Any CPU.Build.0 = Release|Any CPU
		{654142F4-2D68-4D50-B452-E7BB646206C0}.Debug|Any CPU.ActiveCfg = Debug|Any CPU
		{654142F4-2D68-4D50-B452-E7BB646206C0}.Debug|Any CPU.Build.0 = Debug|Any CPU
		{654142F4-2D68-4D50-B452-E7BB646206C0}.Release|Any CPU.ActiveCfg = Release|Any CPU
		{654142F4-2D68-4D50-B452-E7BB646206C0}.Release|Any CPU.Build.0 = Release|Any CPU
		{7370F759-4AAD-4D24-BFDD-60D3624AFF41}.Debug|Any CPU.ActiveCfg = Debug|Any CPU
		{7370F759-4AAD-4D24-BFDD-60D3624AFF41}.Debug|Any CPU.Build.0 = Debug|Any CPU
		{7370F759-4AAD-4D24-BFDD-60D3624AFF41}.Release|Any CPU.ActiveCfg = Release|Any CPU
		{7370F759-4AAD-4D24-BFDD-60D3624AFF41}.Release|Any CPU.Build.0 = Release|Any CPU
	EndGlobalSection
	GlobalSection(SolutionProperties) = preSolution
		HideSolutionNode = FALSE
	EndGlobalSection
	GlobalSection(ExtensibilityGlobals) = postSolution
		VisualSVNWorkingCopyRoot = .
		SolutionGuid = {BF9CC736-A638-4379-868C-04015E25B1AB}
	EndGlobalSection
EndGlobal
